
Microsoft Visual Studio Solution File, Format Version 12.00
# Visual Studio Version 17
VisualStudioVersion = 17.5.002.0
MinimumVisualStudioVersion = 10.0.40219.1
Project("{2150E333-8FDC-42A3-9474-1A3956D46DE8}") = "csharp-prep", "csharp-prep", "{E120B03F-EDFC-46D7-8C62-A8E32741F180}"
EndProject
Project("{9A19103F-16F7-4668-BE54-9A1E7A4F7556}") = "Prep1", "csharp-prep\Prep1\Prep1.csproj", "{C871615E-F1F2-42E0-80F4-FC1A57478585}"
EndProject
Project("{9A19103F-16F7-4668-BE54-9A1E7A4F7556}") = "Prep2", "csharp-prep\Prep2\Prep2.csproj", "{6882F572-8D6A-4D73-8313-3A25FF630361}"
EndProject
Project("{9A19103F-16F7-4668-BE54-9A1E7A4F7556}") = "Prep3", "csharp-prep\Prep3\Prep3.csproj", "{3E820796-33F3-48FF-94E8-40435E441244}"
EndProject
Project("{9A19103F-16F7-4668-BE54-9A1E7A4F7556}") = "Prep4", "csharp-prep\Prep4\Prep4.csproj", "{18BD13FE-F477-48DD-AD53-21B612714765}"
EndProject
Project("{9A19103F-16F7-4668-BE54-9A1E7A4F7556}") = "Prep5", "csharp-prep\Prep5\Prep5.csproj", "{30E50904-EE46-48A9-AE71-4D24B04F5C37}"
EndProject
Project("{2150E333-8FDC-42A3-9474-1A3956D46DE8}") = "final", "final", "{C0523893-9FC4-46C2-BC87-83EDCC7E3066}"
EndProject
Project("{9A19103F-16F7-4668-BE54-9A1E7A4F7556}") = "FinalProject", "final\FinalProject\FinalProject.csproj", "{8C9E2E66-5B28-46C7-9B7A-C9B91ABB2C1A}"
EndProject
Project("{9A19103F-16F7-4668-BE54-9A1E7A4F7556}") = "Foundation1", "final\Foundation1\Foundation1.csproj", "{85731CCF-1AED-414C-900F-1A683F80EE25}"
EndProject
Project("{9A19103F-16F7-4668-BE54-9A1E7A4F7556}") = "Foundation2", "final\Foundation2\Foundation2.csproj", "{6FF1858C-96A9-4480-9E81-3A21E19230D4}"
EndProject
Project("{9A19103F-16F7-4668-BE54-9A1E7A4F7556}") = "Foundation3", "final\Foundation3\Foundation3.csproj", "{DC2D9641-3FD1-40A1-86C1-FD6759A1CE2F}"
EndProject
Project("{9A19103F-16F7-4668-BE54-9A1E7A4F7556}") = "Foundation4", "final\Foundation4\Foundation4.csproj", "{A23CCD9E-33D8-4F45-A7B6-11546155092D}"
EndProject
Project("{2150E333-8FDC-42A3-9474-1A3956D46DE8}") = "prepare", "prepare", "{5E7A3717-A1B2-45A9-B078-565CF4FC0DC0}"
EndProject
Project("{9A19103F-16F7-4668-BE54-9A1E7A4F7556}") = "Learning02", "prepare\Learning02\Learning02.csproj", "{7F02B38E-2DDC-4AC0-B880-52A54CA55DCE}"
EndProject
Project("{9A19103F-16F7-4668-BE54-9A1E7A4F7556}") = "Learning03", "prepare\Learning03\Learning03.csproj", "{83557668-7834-4008-89FD-06237589822B}"
EndProject
Project("{9A19103F-16F7-4668-BE54-9A1E7A4F7556}") = "Learning04", "prepare\Learning04\Learning04.csproj", "{3AF033DA-ECA0-4F6D-BC96-1DBE86727123}"
EndProject
Project("{9A19103F-16F7-4668-BE54-9A1E7A4F7556}") = "Learning05", "prepare\Learning05\Learning05.csproj", "{2126AEBC-C991-4667-ADC8-EE7757E549EC}"
EndProject
Project("{2150E333-8FDC-42A3-9474-1A3956D46DE8}") = "prove", "prove", "{1B01C9ED-E543-4B6B-8572-0BA0CB1DA2B5}"
EndProject
Project("{9A19103F-16F7-4668-BE54-9A1E7A4F7556}") = "Develop02", "prove\Develop02\Develop02.csproj", "{34F065A9-011D-4168-99B9-0D23088A9D3F}"
EndProject
Project("{9A19103F-16F7-4668-BE54-9A1E7A4F7556}") = "Develop03", "prove\Develop03\Develop03.csproj", "{3F079985-F94D-4682-BF15-85C015151673}"
EndProject
Project("{9A19103F-16F7-4668-BE54-9A1E7A4F7556}") = "Develop04", "prove\Develop04\Develop04.csproj", "{2878AB1E-E699-4840-9D0F-EEB89D7F7357}"
EndProject
Project("{9A19103F-16F7-4668-BE54-9A1E7A4F7556}") = "Develop05", "prove\Develop05\Develop05.csproj", "{EC85A4CD-BA1E-4B82-A3C8-6301C7371C76}"
EndProject
Project("{2150E333-8FDC-42A3-9474-1A3956D46DE8}") = "sandbox", "sandbox", "{EC5D6D96-EE87-4C8B-A28C-581824693432}"
EndProject
Project("{9A19103F-16F7-4668-BE54-9A1E7A4F7556}") = "Sandbox", "sandbox\Sandbox\Sandbox.csproj", "{0FE7183F-8836-4307-97A0-8B6D4DF27BD5}"
EndProject
Global
	GlobalSection(SolutionConfigurationPlatforms) = preSolution
		Debug|Any CPU = Debug|Any CPU
		Release|Any CPU = Release|Any CPU
	EndGlobalSection
	GlobalSection(ProjectConfigurationPlatforms) = postSolution
		{C871615E-F1F2-42E0-80F4-FC1A57478585}.Debug|Any CPU.ActiveCfg = Debug|Any CPU
		{C871615E-F1F2-42E0-80F4-FC1A57478585}.Debug|Any CPU.Build.0 = Debug|Any CPU
		{C871615E-F1F2-42E0-80F4-FC1A57478585}.Release|Any CPU.ActiveCfg = Release|Any CPU
		{C871615E-F1F2-42E0-80F4-FC1A57478585}.Release|Any CPU.Build.0 = Release|Any CPU
		{6882F572-8D6A-4D73-8313-3A25FF630361}.Debug|Any CPU.ActiveCfg = Debug|Any CPU
		{6882F572-8D6A-4D73-8313-3A25FF630361}.Debug|Any CPU.Build.0 = Debug|Any CPU
		{6882F572-8D6A-4D73-8313-3A25FF630361}.Release|Any CPU.ActiveCfg = Release|Any CPU
		{6882F572-8D6A-4D73-8313-3A25FF630361}.Release|Any CPU.Build.0 = Release|Any CPU
		{3E820796-33F3-48FF-94E8-40435E441244}.Debug|Any CPU.ActiveCfg = Debug|Any CPU
		{3E820796-33F3-48FF-94E8-40435E441244}.Debug|Any CPU.Build.0 = Debug|Any CPU
		{3E820796-33F3-48FF-94E8-40435E441244}.Release|Any CPU.ActiveCfg = Release|Any CPU
		{3E820796-33F3-48FF-94E8-40435E441244}.Release|Any CPU.Build.0 = Release|Any CPU
		{18BD13FE-F477-48DD-AD53-21B612714765}.Debug|Any CPU.ActiveCfg = Debug|Any CPU
		{18BD13FE-F477-48DD-AD53-21B612714765}.Debug|Any CPU.Build.0 = Debug|Any CPU
		{18BD13FE-F477-48DD-AD53-21B612714765}.Release|Any CPU.ActiveCfg = Release|Any CPU
		{18BD13FE-F477-48DD-AD53-21B612714765}.Release|Any CPU.Build.0 = Release|Any CPU
		{30E50904-EE46-48A9-AE71-4D24B04F5C37}.Debug|Any CPU.ActiveCfg = Debug|Any CPU
		{30E50904-EE46-48A9-AE71-4D24B04F5C37}.Debug|Any CPU.Build.0 = Debug|Any CPU
		{30E50904-EE46-48A9-AE71-4D24B04F5C37}.Release|Any CPU.ActiveCfg = Release|Any CPU
		{30E50904-EE46-48A9-AE71-4D24B04F5C37}.Release|Any CPU.Build.0 = Release|Any CPU
		{8C9E2E66-5B28-46C7-9B7A-C9B91ABB2C1A}.Debug|Any CPU.ActiveCfg = Debug|Any CPU
		{8C9E2E66-5B28-46C7-9B7A-C9B91ABB2C1A}.Debug|Any CPU.Build.0 = Debug|Any CPU
		{8C9E2E66-5B28-46C7-9B7A-C9B91ABB2C1A}.Release|Any CPU.ActiveCfg = Release|Any CPU
		{8C9E2E66-5B28-46C7-9B7A-C9B91ABB2C1A}.Release|Any CPU.Build.0 = Release|Any CPU
		{85731CCF-1AED-414C-900F-1A683F80EE25}.Debug|Any CPU.ActiveCfg = Debug|Any CPU
		{85731CCF-1AED-414C-900F-1A683F80EE25}.Debug|Any CPU.Build.0 = Debug|Any CPU
		{85731CCF-1AED-414C-900F-1A683F80EE25}.Release|Any CPU.ActiveCfg = Release|Any CPU
		{85731CCF-1AED-414C-900F-1A683F80EE25}.Release|Any CPU.Build.0 = Release|Any CPU
		{6FF1858C-96A9-4480-9E81-3A21E19230D4}.Debug|Any CPU.ActiveCfg = Debug|Any CPU
		{6FF1858C-96A9-4480-9E81-3A21E19230D4}.Debug|Any CPU.Build.0 = Debug|Any CPU
		{6FF1858C-96A9-4480-9E81-3A21E19230D4}.Release|Any CPU.ActiveCfg = Release|Any CPU
		{6FF1858C-96A9-4480-9E81-3A21E19230D4}.Release|Any CPU.Build.0 = Release|Any CPU
		{DC2D9641-3FD1-40A1-86C1-FD6759A1CE2F}.Debug|Any CPU.ActiveCfg = Debug|Any CPU
		{DC2D9641-3FD1-40A1-86C1-FD6759A1CE2F}.Debug|Any CPU.Build.0 = Debug|Any CPU
		{DC2D9641-3FD1-40A1-86C1-FD6759A1CE2F}.Release|Any CPU.ActiveCfg = Release|Any CPU
		{DC2D9641-3FD1-40A1-86C1-FD6759A1CE2F}.Release|Any CPU.Build.0 = Release|Any CPU
		{A23CCD9E-33D8-4F45-A7B6-11546155092D}.Debug|Any CPU.ActiveCfg = Debug|Any CPU
		{A23CCD9E-33D8-4F45-A7B6-11546155092D}.Debug|Any CPU.Build.0 = Debug|Any CPU
		{A23CCD9E-33D8-4F45-A7B6-11546155092D}.Release|Any CPU.ActiveCfg = Release|Any CPU
		{A23CCD9E-33D8-4F45-A7B6-11546155092D}.Release|Any CPU.Build.0 = Release|Any CPU
		{7F02B38E-2DDC-4AC0-B880-52A54CA55DCE}.Debug|Any CPU.ActiveCfg = Debug|Any CPU
		{7F02B38E-2DDC-4AC0-B880-52A54CA55DCE}.Debug|Any CPU.Build.0 = Debug|Any CPU
		{7F02B38E-2DDC-4AC0-B880-52A54CA55DCE}.Release|Any CPU.ActiveCfg = Release|Any CPU
		{7F02B38E-2DDC-4AC0-B880-52A54CA55DCE}.Release|Any CPU.Build.0 = Release|Any CPU
		{83557668-7834-4008-89FD-06237589822B}.Debug|Any CPU.ActiveCfg = Debug|Any CPU
		{83557668-7834-4008-89FD-06237589822B}.Debug|Any CPU.Build.0 = Debug|Any CPU
		{83557668-7834-4008-89FD-06237589822B}.Release|Any CPU.ActiveCfg = Release|Any CPU
		{83557668-7834-4008-89FD-06237589822B}.Release|Any CPU.Build.0 = Release|Any CPU
		{3AF033DA-ECA0-4F6D-BC96-1DBE86727123}.Debug|Any CPU.ActiveCfg = Debug|Any CPU
		{3AF033DA-ECA0-4F6D-BC96-1DBE86727123}.Debug|Any CPU.Build.0 = Debug|Any CPU
		{3AF033DA-ECA0-4F6D-BC96-1DBE86727123}.Release|Any CPU.ActiveCfg = Release|Any CPU
		{3AF033DA-ECA0-4F6D-BC96-1DBE86727123}.Release|Any CPU.Build.0 = Release|Any CPU
		{2126AEBC-C991-4667-ADC8-EE7757E549EC}.Debug|Any CPU.ActiveCfg = Debug|Any CPU
		{2126AEBC-C991-4667-ADC8-EE7757E549EC}.Debug|Any CPU.Build.0 = Debug|Any CPU
		{2126AEBC-C991-4667-ADC8-EE7757E549EC}.Release|Any CPU.ActiveCfg = Release|Any CPU
		{2126AEBC-C991-4667-ADC8-EE7757E549EC}.Release|Any CPU.Build.0 = Release|Any CPU
		{34F065A9-011D-4168-99B9-0D23088A9D3F}.Debug|Any CPU.ActiveCfg = Debug|Any CPU
		{34F065A9-011D-4168-99B9-0D23088A9D3F}.Debug|Any CPU.Build.0 = Debug|Any CPU
		{34F065A9-011D-4168-99B9-0D23088A9D3F}.Release|Any CPU.ActiveCfg = Release|Any CPU
		{34F065A9-011D-4168-99B9-0D23088A9D3F}.Release|Any CPU.Build.0 = Release|Any CPU
		{3F079985-F94D-4682-BF15-85C015151673}.Debug|Any CPU.ActiveCfg = Debug|Any CPU
		{3F079985-F94D-4682-BF15-85C015151673}.Debug|Any CPU.Build.0 = Debug|Any CPU
		{3F079985-F94D-4682-BF15-85C015151673}.Release|Any CPU.ActiveCfg = Release|Any CPU
		{3F079985-F94D-4682-BF15-85C015151673}.Release|Any CPU.Build.0 = Release|Any CPU
		{2878AB1E-E699-4840-9D0F-EEB89D7F7357}.Debug|Any CPU.ActiveCfg = Debug|Any CPU
		{2878AB1E-E699-4840-9D0F-EEB89D7F7357}.Debug|Any CPU.Build.0 = Debug|Any CPU
		{2878AB1E-E699-4840-9D0F-EEB89D7F7357}.Release|Any CPU.ActiveCfg = Release|Any CPU
		{2878AB1E-E699-4840-9D0F-EEB89D7F7357}.Release|Any CPU.Build.0 = Release|Any CPU
		{EC85A4CD-BA1E-4B82-A3C8-6301C7371C76}.Debug|Any CPU.ActiveCfg = Debug|Any CPU
		{EC85A4CD-BA1E-4B82-A3C8-6301C7371C76}.Debug|Any CPU.Build.0 = Debug|Any CPU
		{EC85A4CD-BA1E-4B82-A3C8-6301C7371C76}.Release|Any CPU.ActiveCfg = Release|Any CPU
		{EC85A4CD-BA1E-4B82-A3C8-6301C7371C76}.Release|Any CPU.Build.0 = Release|Any CPU
		{0FE7183F-8836-4307-97A0-8B6D4DF27BD5}.Debug|Any CPU.ActiveCfg = Debug|Any CPU
		{0FE7183F-8836-4307-97A0-8B6D4DF27BD5}.Debug|Any CPU.Build.0 = Debug|Any CPU
		{0FE7183F-8836-4307-97A0-8B6D4DF27BD5}.Release|Any CPU.ActiveCfg = Release|Any CPU
		{0FE7183F-8836-4307-97A0-8B6D4DF27BD5}.Release|Any CPU.Build.0 = Release|Any CPU
	EndGlobalSection
	GlobalSection(SolutionProperties) = preSolution
		HideSolutionNode = FALSE
	EndGlobalSection
	GlobalSection(NestedProjects) = preSolution
		{C871615E-F1F2-42E0-80F4-FC1A57478585} = {E120B03F-EDFC-46D7-8C62-A8E32741F180}
		{6882F572-8D6A-4D73-8313-3A25FF630361} = {E120B03F-EDFC-46D7-8C62-A8E32741F180}
		{3E820796-33F3-48FF-94E8-40435E441244} = {E120B03F-EDFC-46D7-8C62-A8E32741F180}
		{18BD13FE-F477-48DD-AD53-21B612714765} = {E120B03F-EDFC-46D7-8C62-A8E32741F180}
		{30E50904-EE46-48A9-AE71-4D24B04F5C37} = {E120B03F-EDFC-46D7-8C62-A8E32741F180}
		{8C9E2E66-5B28-46C7-9B7A-C9B91ABB2C1A} = {C0523893-9FC4-46C2-BC87-83EDCC7E3066}
		{85731CCF-1AED-414C-900F-1A683F80EE25} = {C0523893-9FC4-46C2-BC87-83EDCC7E3066}
		{6FF1858C-96A9-4480-9E81-3A21E19230D4} = {C0523893-9FC4-46C2-BC87-83EDCC7E3066}
		{DC2D9641-3FD1-40A1-86C1-FD6759A1CE2F} = {C0523893-9FC4-46C2-BC87-83EDCC7E3066}
		{A23CCD9E-33D8-4F45-A7B6-11546155092D} = {C0523893-9FC4-46C2-BC87-83EDCC7E3066}
		{7F02B38E-2DDC-4AC0-B880-52A54CA55DCE} = {5E7A3717-A1B2-45A9-B078-565CF4FC0DC0}
		{83557668-7834-4008-89FD-06237589822B} = {5E7A3717-A1B2-45A9-B078-565CF4FC0DC0}
		{3AF033DA-ECA0-4F6D-BC96-1DBE86727123} = {5E7A3717-A1B2-45A9-B078-565CF4FC0DC0}
		{2126AEBC-C991-4667-ADC8-EE7757E549EC} = {5E7A3717-A1B2-45A9-B078-565CF4FC0DC0}
		{34F065A9-011D-4168-99B9-0D23088A9D3F} = {1B01C9ED-E543-4B6B-8572-0BA0CB1DA2B5}
		{3F079985-F94D-4682-BF15-85C015151673} = {1B01C9ED-E543-4B6B-8572-0BA0CB1DA2B5}
		{2878AB1E-E699-4840-9D0F-EEB89D7F7357} = {1B01C9ED-E543-4B6B-8572-0BA0CB1DA2B5}
		{EC85A4CD-BA1E-4B82-A3C8-6301C7371C76} = {1B01C9ED-E543-4B6B-8572-0BA0CB1DA2B5}
		{0FE7183F-8836-4307-97A0-8B6D4DF27BD5} = {EC5D6D96-EE87-4C8B-A28C-581824693432}
	EndGlobalSection
	GlobalSection(ExtensibilityGlobals) = postSolution
		SolutionGuid = {6615791D-3F19-4E7B-A9D5-92EC530E9D54}
	EndGlobalSection
EndGlobal
